
Microsoft Visual Studio Solution File, Format Version 12.00
# Visual Studio Version 17
VisualStudioVersion = 17.2.32616.157
MinimumVisualStudioVersion = 10.0.40219.1
Project("{FAE04EC0-301F-11D3-BF4B-00C04F79EFBC}") = "Corefly.LeetCode.DynamicProgramming", "Corefly.LeetCode.DynamicProgramming.csproj", "{5E61E518-32B2-4FEF-A9C1-6FE84091563D}"
EndProject
Project("{2150E333-8FDC-42A3-9474-1A3956D46DE8}") = "Tests", "Tests", "{E321AF46-C004-4B98-A9BC-126F6E6E05D8}"
EndProject
Project("{FAE04EC0-301F-11D3-BF4B-00C04F79EFBC}") = "Corefly.LeetCode.DynamicProgramming.Tests", "..\Corefly.LeetCode.DynamicProgramming.Tests\Corefly.LeetCode.DynamicProgramming.Tests.csproj", "{9BE00F3D-E8F6-41E6-B47D-F0E178328D86}"
EndProject
Global
	GlobalSection(SolutionConfigurationPlatforms) = preSolution
		Debug|Any CPU = Debug|Any CPU
		Release|Any CPU = Release|Any CPU
	EndGlobalSection
	GlobalSection(ProjectConfigurationPlatforms) = postSolution
		{5E61E518-32B2-4FEF-A9C1-6FE84091563D}.Debug|Any CPU.ActiveCfg = Debug|Any CPU
		{5E61E518-32B2-4FEF-A9C1-6FE84091563D}.Debug|Any CPU.Build.0 = Debug|Any CPU
		{5E61E518-32B2-4FEF-A9C1-6FE84091563D}.Release|Any CPU.ActiveCfg = Release|Any CPU
		{5E61E518-32B2-4FEF-A9C1-6FE84091563D}.Release|Any CPU.Build.0 = Release|Any CPU
		{9BE00F3D-E8F6-41E6-B47D-F0E178328D86}.Debug|Any CPU.ActiveCfg = Debug|Any CPU
		{9BE00F3D-E8F6-41E6-B47D-F0E178328D86}.Debug|Any CPU.Build.0 = Debug|Any CPU
		{9BE00F3D-E8F6-41E6-B47D-F0E178328D86}.Release|Any CPU.ActiveCfg = Release|Any CPU
		{9BE00F3D-E8F6-41E6-B47D-F0E178328D86}.Release|Any CPU.Build.0 = Release|Any CPU
	EndGlobalSection
	GlobalSection(SolutionProperties) = preSolution
		HideSolutionNode = FALSE
	EndGlobalSection
	GlobalSection(NestedProjects) = preSolution
		{9BE00F3D-E8F6-41E6-B47D-F0E178328D86} = {E321AF46-C004-4B98-A9BC-126F6E6E05D8}
	EndGlobalSection
	GlobalSection(ExtensibilityGlobals) = postSolution
		SolutionGuid = {77C0ACFE-A3D8-4BE0-8A5E-B9AF91422D36}
	EndGlobalSection
EndGlobal
